
Microsoft Visual Studio Solution File, Format Version 12.00
# Visual Studio Version 17
VisualStudioVersion = 17.14.36915.13 d17.14
MinimumVisualStudioVersion = 10.0.40219.1
Project("{FAE04EC0-301F-11D3-BF4B-00C04F79EFBC}") = "ContactListApp", "ContactListApp\ContactListApp.csproj", "{44CB4013-4828-42BA-9225-D4BC61EBDC90}"
EndProject
Global
	GlobalSection(SolutionConfigurationPlatforms) = preSolution
		Debug|Any CPU = Debug|Any CPU
		Release|Any CPU = Release|Any CPU
	EndGlobalSection
	GlobalSection(ProjectConfigurationPlatforms) = postSolution
		{44CB4013-4828-42BA-9225-D4BC61EBDC90}.Debug|Any CPU.ActiveCfg = Debug|Any CPU
		{44CB4013-4828-42BA-9225-D4BC61EBDC90}.Debug|Any CPU.Build.0 = Debug|Any CPU
		{44CB4013-4828-42BA-9225-D4BC61EBDC90}.Debug|Any CPU.Deploy.0 = Debug|Any CPU
		{44CB4013-4828-42BA-9225-D4BC61EBDC90}.Release|Any CPU.ActiveCfg = Release|Any CPU
		{44CB4013-4828-42BA-9225-D4BC61EBDC90}.Release|Any CPU.Build.0 = Release|Any CPU
		{44CB4013-4828-42BA-9225-D4BC61EBDC90}.Release|Any CPU.Deploy.0 = Release|Any CPU
	EndGlobalSection
	GlobalSection(SolutionProperties) = preSolution
		HideSolutionNode = FALSE
	EndGlobalSection
	GlobalSection(ExtensibilityGlobals) = postSolution
		SolutionGuid = {29B41251-A38D-453F-B35E-53104775A5D5}
	EndGlobalSection
EndGlobal
